
Microsoft Visual Studio Solution File, Format Version 12.00
# Visual Studio 15
VisualStudioVersion = 15.0.27428.2005
MinimumVisualStudioVersion = 10.0.40219.1
Project("{FAE04EC0-301F-11D3-BF4B-00C04F79EFBC}") = "LibraryInformationSystem", "LibraryInformationSystem\LibraryInformationSystem.csproj", "{844873D5-D818-447F-BE12-0BC1B35A5434}"
EndProject
Global
	GlobalSection(SolutionConfigurationPlatforms) = preSolution
		Debug|Any CPU = Debug|Any CPU
		Release|Any CPU = Release|Any CPU
	EndGlobalSection
	GlobalSection(ProjectConfigurationPlatforms) = postSolution
		{844873D5-D818-447F-BE12-0BC1B35A5434}.Debug|Any CPU.ActiveCfg = Debug|Any CPU
		{844873D5-D818-447F-BE12-0BC1B35A5434}.Debug|Any CPU.Build.0 = Debug|Any CPU
		{844873D5-D818-447F-BE12-0BC1B35A5434}.Release|Any CPU.ActiveCfg = Release|Any CPU
		{844873D5-D818-447F-BE12-0BC1B35A5434}.Release|Any CPU.Build.0 = Release|Any CPU
	EndGlobalSection
	GlobalSection(SolutionProperties) = preSolution
		HideSolutionNode = FALSE
	EndGlobalSection
	GlobalSection(ExtensibilityGlobals) = postSolution
		SolutionGuid = {1FFDCE05-D962-45C3-8B8A-75986B5754B0}
	EndGlobalSection
EndGlobal
